
Microsoft Visual Studio Solution File, Format Version 12.00
# Visual Studio Version 17
VisualStudioVersion = 17.0.32014.148
MinimumVisualStudioVersion = 10.0.40219.1
Project("{2150E333-8FDC-42A3-9474-1A3956D46DE8}") = "NewRpg", "NewRpg", "{9BFACE06-F0A5-4438-B7DD-3862A1556882}"
EndProject
Project("{2150E333-8FDC-42A3-9474-1A3956D46DE8}") = "OwnStudy", "OwnStudy", "{75519FDB-62E3-4267-AA4F-892906BEBD03}"
EndProject
Project("{2150E333-8FDC-42A3-9474-1A3956D46DE8}") = "HomeWork", "HomeWork", "{C0C63690-8A94-4D72-A36A-5FCF18B3D47B}"
EndProject
Project("{8BC9CEB8-8B4A-11D0-8D11-00A0C91BC942}") = "HomeWork220113", "HomeWork\HomeWork220113\HomeWork220113.vcxproj", "{BDFFBBD2-4B44-4FD1-84D0-DFE0721F8250}"
EndProject
Project("{8BC9CEB8-8B4A-11D0-8D11-00A0C91BC942}") = "HomeWork220114", "HomeWork\HomeWork220114\HomeWork20220114.vcxproj", "{7DF7548E-833A-4C5D-938D-1CFA4C813296}"
EndProject
Project("{8BC9CEB8-8B4A-11D0-8D11-00A0C91BC942}") = "HomeWork220117", "HomeWork\HomeWork220117\HomeWork20220117.vcxproj", "{4AA54F49-D60B-4E13-8AD0-8A6BE17BD7DE}"
EndProject
Project("{8BC9CEB8-8B4A-11D0-8D11-00A0C91BC942}") = "HomeWork220120", "HomeWork\HomeWork220120\HomeWork20220120.vcxproj", "{F8A69D82-CFE9-457B-A25E-22771E864D85}"
EndProject
Project("{8BC9CEB8-8B4A-11D0-8D11-00A0C91BC942}") = "HomeWork220126", "HomeWork\HomeWork220126\HomeWork220126.vcxproj", "{F60432AD-C921-4DB5-9BAC-FE9C02B04432}"
EndProject
Project("{8BC9CEB8-8B4A-11D0-8D11-00A0C91BC942}") = "KimTextRPG_v1", "NewRpg\KimTextRPG\KimTextRPG.vcxproj", "{D75870D4-A702-4B28-B005-97465F022C9F}"
EndProject
Project("{8BC9CEB8-8B4A-11D0-8D11-00A0C91BC942}") = "220126", "OwnStudy\220126\220126.vcxproj", "{50E2D0BF-2062-45FE-85E2-0BFDDE2A6CF2}"
EndProject
Project("{8BC9CEB8-8B4A-11D0-8D11-00A0C91BC942}") = "MyPrintf", "OwnStudy\MyPrintf\MyPrintf.vcxproj", "{13757ACE-40C1-43D2-9F0C-3D29438BE9C4}"
EndProject
Project("{8BC9CEB8-8B4A-11D0-8D11-00A0C91BC942}") = "PointerStudy", "OwnStudy\PointerStudy\PointerStudy.vcxproj", "{4C1D0717-A2A6-48D2-85B5-5EB77C86B75C}"
EndProject
Project("{8BC9CEB8-8B4A-11D0-8D11-00A0C91BC942}") = "Testing", "OwnStudy\Testing\Testing.vcxproj", "{FD0FDF3D-1E33-4F30-A712-DB0D0FA4FDBD}"
EndProject
Project("{8BC9CEB8-8B4A-11D0-8D11-00A0C91BC942}") = "HomeWork220209", "HomeWork\HomeWork220209\ConsoleScreen.vcxproj", "{958B682C-8D66-4E32-903C-B9F8A3014EFB}"
EndProject
Project("{8BC9CEB8-8B4A-11D0-8D11-00A0C91BC942}") = "CmdTextRPG_v2", "CmdTextRPG_v2\CmdTextRPG_v2.vcxproj", "{F87A8E24-75BC-42E9-B55D-EF11C83A8E67}"
EndProject
Project("{8BC9CEB8-8B4A-11D0-8D11-00A0C91BC942}") = "HomeWork220210", "HomeWork\HomeWork220210\HomeWork220210.vcxproj", "{E4AFE9C2-2227-4135-B75C-887DFA9221B3}"
EndProject
Project("{8BC9CEB8-8B4A-11D0-8D11-00A0C91BC942}") = "HomeWork220215", "HomeWork\HomeWork220215\GameArray.vcxproj", "{D0489A4C-0893-4BE9-B780-A26DE20E4230}"
EndProject
Project("{8BC9CEB8-8B4A-11D0-8D11-00A0C91BC942}") = "VirtualStudy", "VirtualStudy\VirtualStudy.vcxproj", "{E2785E3C-2450-4575-81CF-588494F2123D}"
EndProject
Project("{8BC9CEB8-8B4A-11D0-8D11-00A0C91BC942}") = "FunctionPointer", "FunctionPointer\FunctionPointer.vcxproj", "{0B20B709-219F-4238-8E23-1EF3547D49C7}"
EndProject
Project("{8BC9CEB8-8B4A-11D0-8D11-00A0C91BC942}") = "HomeWork220221", "HomeWork\HomeWork220221\Snake.vcxproj", "{050BA1F7-93E2-48D6-AD59-09EC8EF82049}"
EndProject
Project("{8BC9CEB8-8B4A-11D0-8D11-00A0C91BC942}") = "CmdTextRpg_V3", "CmdTextRpg_V3\CmdTextRpg_V3.vcxproj", "{6EB852C7-46EA-46F5-BB60-9CF1DA22E7D2}"
EndProject
Project("{8BC9CEB8-8B4A-11D0-8D11-00A0C91BC942}") = "MySnake", "MySnake\Snake.vcxproj", "{5690923E-BEE9-43EA-960A-FA896EDECC6C}"
EndProject
Project("{8BC9CEB8-8B4A-11D0-8D11-00A0C91BC942}") = "HomeWork220222", "HomeWork\HomeWork220222\HomeWork220222.vcxproj", "{D3AF8AE9-82B7-443F-A4C7-A5656AB85A8B}"
EndProject
Project("{8BC9CEB8-8B4A-11D0-8D11-00A0C91BC942}") = "OwnVector", "OwnStudy\OwnVector\OwnVector.vcxproj", "{AB06F40A-467E-4F55-BCD1-D0AB3AD642EC}"
EndProject
Project("{8BC9CEB8-8B4A-11D0-8D11-00A0C91BC942}") = "OwnNode", "OwnStudy\OwnNode\OwnNode.vcxproj", "{BB7E2B67-14FD-4D78-B4A5-488314CBC5F9}"
EndProject
Global
	GlobalSection(SolutionConfigurationPlatforms) = preSolution
		Debug|x64 = Debug|x64
		Debug|x86 = Debug|x86
		Release|x64 = Release|x64
		Release|x86 = Release|x86
	EndGlobalSection
	GlobalSection(ProjectConfigurationPlatforms) = postSolution
		{BDFFBBD2-4B44-4FD1-84D0-DFE0721F8250}.Debug|x64.ActiveCfg = Debug|x64
		{BDFFBBD2-4B44-4FD1-84D0-DFE0721F8250}.Debug|x64.Build.0 = Debug|x64
		{BDFFBBD2-4B44-4FD1-84D0-DFE0721F8250}.Debug|x86.ActiveCfg = Debug|Win32
		{BDFFBBD2-4B44-4FD1-84D0-DFE0721F8250}.Debug|x86.Build.0 = Debug|Win32
		{BDFFBBD2-4B44-4FD1-84D0-DFE0721F8250}.Release|x64.ActiveCfg = Release|x64
		{BDFFBBD2-4B44-4FD1-84D0-DFE0721F8250}.Release|x64.Build.0 = Release|x64
		{BDFFBBD2-4B44-4FD1-84D0-DFE0721F8250}.Release|x86.ActiveCfg = Release|Win32
		{BDFFBBD2-4B44-4FD1-84D0-DFE0721F8250}.Release|x86.Build.0 = Release|Win32
		{7DF7548E-833A-4C5D-938D-1CFA4C813296}.Debug|x64.ActiveCfg = Debug|x64
		{7DF7548E-833A-4C5D-938D-1CFA4C813296}.Debug|x64.Build.0 = Debug|x64
		{7DF7548E-833A-4C5D-938D-1CFA4C813296}.Debug|x86.ActiveCfg = Debug|Win32
		{7DF7548E-833A-4C5D-938D-1CFA4C813296}.Debug|x86.Build.0 = Debug|Win32
		{7DF7548E-833A-4C5D-938D-1CFA4C813296}.Release|x64.ActiveCfg = Release|x64
		{7DF7548E-833A-4C5D-938D-1CFA4C813296}.Release|x64.Build.0 = Release|x64
		{7DF7548E-833A-4C5D-938D-1CFA4C813296}.Release|x86.ActiveCfg = Release|Win32
		{7DF7548E-833A-4C5D-938D-1CFA4C813296}.Release|x86.Build.0 = Release|Win32
		{4AA54F49-D60B-4E13-8AD0-8A6BE17BD7DE}.Debug|x64.ActiveCfg = Debug|x64
		{4AA54F49-D60B-4E13-8AD0-8A6BE17BD7DE}.Debug|x64.Build.0 = Debug|x64
		{4AA54F49-D60B-4E13-8AD0-8A6BE17BD7DE}.Debug|x86.ActiveCfg = Debug|Win32
		{4AA54F49-D60B-4E13-8AD0-8A6BE17BD7DE}.Debug|x86.Build.0 = Debug|Win32
		{4AA54F49-D60B-4E13-8AD0-8A6BE17BD7DE}.Release|x64.ActiveCfg = Release|x64
		{4AA54F49-D60B-4E13-8AD0-8A6BE17BD7DE}.Release|x64.Build.0 = Release|x64
		{4AA54F49-D60B-4E13-8AD0-8A6BE17BD7DE}.Release|x86.ActiveCfg = Release|Win32
		{4AA54F49-D60B-4E13-8AD0-8A6BE17BD7DE}.Release|x86.Build.0 = Release|Win32
		{F8A69D82-CFE9-457B-A25E-22771E864D85}.Debug|x64.ActiveCfg = Debug|x64
		{F8A69D82-CFE9-457B-A25E-22771E864D85}.Debug|x64.Build.0 = Debug|x64
		{F8A69D82-CFE9-457B-A25E-22771E864D85}.Debug|x86.ActiveCfg = Debug|Win32
		{F8A69D82-CFE9-457B-A25E-22771E864D85}.Debug|x86.Build.0 = Debug|Win32
		{F8A69D82-CFE9-457B-A25E-22771E864D85}.Release|x64.ActiveCfg = Release|x64
		{F8A69D82-CFE9-457B-A25E-22771E864D85}.Release|x64.Build.0 = Release|x64
		{F8A69D82-CFE9-457B-A25E-22771E864D85}.Release|x86.ActiveCfg = Release|Win32
		{F8A69D82-CFE9-457B-A25E-22771E864D85}.Release|x86.Build.0 = Release|Win32
		{F60432AD-C921-4DB5-9BAC-FE9C02B04432}.Debug|x64.ActiveCfg = Debug|x64
		{F60432AD-C921-4DB5-9BAC-FE9C02B04432}.Debug|x64.Build.0 = Debug|x64
		{F60432AD-C921-4DB5-9BAC-FE9C02B04432}.Debug|x86.ActiveCfg = Debug|Win32
		{F60432AD-C921-4DB5-9BAC-FE9C02B04432}.Debug|x86.Build.0 = Debug|Win32
		{F60432AD-C921-4DB5-9BAC-FE9C02B04432}.Release|x64.ActiveCfg = Release|x64
		{F60432AD-C921-4DB5-9BAC-FE9C02B04432}.Release|x64.Build.0 = Release|x64
		{F60432AD-C921-4DB5-9BAC-FE9C02B04432}.Release|x86.ActiveCfg = Release|Win32
		{F60432AD-C921-4DB5-9BAC-FE9C02B04432}.Release|x86.Build.0 = Release|Win32
		{D75870D4-A702-4B28-B005-97465F022C9F}.Debug|x64.ActiveCfg = Debug|x64
		{D75870D4-A702-4B28-B005-97465F022C9F}.Debug|x64.Build.0 = Debug|x64
		{D75870D4-A702-4B28-B005-97465F022C9F}.Debug|x86.ActiveCfg = Debug|Win32
		{D75870D4-A702-4B28-B005-97465F022C9F}.Debug|x86.Build.0 = Debug|Win32
		{D75870D4-A702-4B28-B005-97465F022C9F}.Release|x64.ActiveCfg = Release|x64
		{D75870D4-A702-4B28-B005-97465F022C9F}.Release|x64.Build.0 = Release|x64
		{D75870D4-A702-4B28-B005-97465F022C9F}.Release|x86.ActiveCfg = Release|Win32
		{D75870D4-A702-4B28-B005-97465F022C9F}.Release|x86.Build.0 = Release|Win32
		{50E2D0BF-2062-45FE-85E2-0BFDDE2A6CF2}.Debug|x64.ActiveCfg = Debug|x64
		{50E2D0BF-2062-45FE-85E2-0BFDDE2A6CF2}.Debug|x64.Build.0 = Debug|x64
		{50E2D0BF-2062-45FE-85E2-0BFDDE2A6CF2}.Debug|x86.ActiveCfg = Debug|Win32
		{50E2D0BF-2062-45FE-85E2-0BFDDE2A6CF2}.Debug|x86.Build.0 = Debug|Win32
		{50E2D0BF-2062-45FE-85E2-0BFDDE2A6CF2}.Release|x64.ActiveCfg = Release|x64
		{50E2D0BF-2062-45FE-85E2-0BFDDE2A6CF2}.Release|x64.Build.0 = Release|x64
		{50E2D0BF-2062-45FE-85E2-0BFDDE2A6CF2}.Release|x86.ActiveCfg = Release|Win32
		{50E2D0BF-2062-45FE-85E2-0BFDDE2A6CF2}.Release|x86.Build.0 = Release|Win32
		{13757ACE-40C1-43D2-9F0C-3D29438BE9C4}.Debug|x64.ActiveCfg = Debug|x64
		{13757ACE-40C1-43D2-9F0C-3D29438BE9C4}.Debug|x64.Build.0 = Debug|x64
		{13757ACE-40C1-43D2-9F0C-3D29438BE9C4}.Debug|x86.ActiveCfg = Debug|Win32
		{13757ACE-40C1-43D2-9F0C-3D29438BE9C4}.Debug|x86.Build.0 = Debug|Win32
		{13757ACE-40C1-43D2-9F0C-3D29438BE9C4}.Release|x64.ActiveCfg = Release|x64
		{13757ACE-40C1-43D2-9F0C-3D29438BE9C4}.Release|x64.Build.0 = Release|x64
		{13757ACE-40C1-43D2-9F0C-3D29438BE9C4}.Release|x86.ActiveCfg = Release|Win32
		{13757ACE-40C1-43D2-9F0C-3D29438BE9C4}.Release|x86.Build.0 = Release|Win32
		{4C1D0717-A2A6-48D2-85B5-5EB77C86B75C}.Debug|x64.ActiveCfg = Debug|x64
		{4C1D0717-A2A6-48D2-85B5-5EB77C86B75C}.Debug|x64.Build.0 = Debug|x64
		{4C1D0717-A2A6-48D2-85B5-5EB77C86B75C}.Debug|x86.ActiveCfg = Debug|Win32
		{4C1D0717-A2A6-48D2-85B5-5EB77C86B75C}.Debug|x86.Build.0 = Debug|Win32
		{4C1D0717-A2A6-48D2-85B5-5EB77C86B75C}.Release|x64.ActiveCfg = Release|x64
		{4C1D0717-A2A6-48D2-85B5-5EB77C86B75C}.Release|x64.Build.0 = Release|x64
		{4C1D0717-A2A6-48D2-85B5-5EB77C86B75C}.Release|x86.ActiveCfg = Release|Win32
		{4C1D0717-A2A6-48D2-85B5-5EB77C86B75C}.Release|x86.Build.0 = Release|Win32
		{FD0FDF3D-1E33-4F30-A712-DB0D0FA4FDBD}.Debug|x64.ActiveCfg = Debug|x64
		{FD0FDF3D-1E33-4F30-A712-DB0D0FA4FDBD}.Debug|x64.Build.0 = Debug|x64
		{FD0FDF3D-1E33-4F30-A712-DB0D0FA4FDBD}.Debug|x86.ActiveCfg = Debug|Win32
		{FD0FDF3D-1E33-4F30-A712-DB0D0FA4FDBD}.Debug|x86.Build.0 = Debug|Win32
		{FD0FDF3D-1E33-4F30-A712-DB0D0FA4FDBD}.Release|x64.ActiveCfg = Release|x64
		{FD0FDF3D-1E33-4F30-A712-DB0D0FA4FDBD}.Release|x64.Build.0 = Release|x64
		{FD0FDF3D-1E33-4F30-A712-DB0D0FA4FDBD}.Release|x86.ActiveCfg = Release|Win32
		{FD0FDF3D-1E33-4F30-A712-DB0D0FA4FDBD}.Release|x86.Build.0 = Release|Win32
		{958B682C-8D66-4E32-903C-B9F8A3014EFB}.Debug|x64.ActiveCfg = Debug|x64
		{958B682C-8D66-4E32-903C-B9F8A3014EFB}.Debug|x64.Build.0 = Debug|x64
		{958B682C-8D66-4E32-903C-B9F8A3014EFB}.Debug|x86.ActiveCfg = Debug|Win32
		{958B682C-8D66-4E32-903C-B9F8A3014EFB}.Debug|x86.Build.0 = Debug|Win32
		{958B682C-8D66-4E32-903C-B9F8A3014EFB}.Release|x64.ActiveCfg = Release|x64
		{958B682C-8D66-4E32-903C-B9F8A3014EFB}.Release|x64.Build.0 = Release|x64
		{958B682C-8D66-4E32-903C-B9F8A3014EFB}.Release|x86.ActiveCfg = Release|Win32
		{958B682C-8D66-4E32-903C-B9F8A3014EFB}.Release|x86.Build.0 = Release|Win32
		{F87A8E24-75BC-42E9-B55D-EF11C83A8E67}.Debug|x64.ActiveCfg = Debug|x64
		{F87A8E24-75BC-42E9-B55D-EF11C83A8E67}.Debug|x64.Build.0 = Debug|x64
		{F87A8E24-75BC-42E9-B55D-EF11C83A8E67}.Debug|x86.ActiveCfg = Debug|Win32
		{F87A8E24-75BC-42E9-B55D-EF11C83A8E67}.Debug|x86.Build.0 = Debug|Win32
		{F87A8E24-75BC-42E9-B55D-EF11C83A8E67}.Release|x64.ActiveCfg = Release|x64
		{F87A8E24-75BC-42E9-B55D-EF11C83A8E67}.Release|x64.Build.0 = Release|x64
		{F87A8E24-75BC-42E9-B55D-EF11C83A8E67}.Release|x86.ActiveCfg = Release|Win32
		{F87A8E24-75BC-42E9-B55D-EF11C83A8E67}.Release|x86.Build.0 = Release|Win32
		{E4AFE9C2-2227-4135-B75C-887DFA9221B3}.Debug|x64.ActiveCfg = Debug|x64
		{E4AFE9C2-2227-4135-B75C-887DFA9221B3}.Debug|x64.Build.0 = Debug|x64
		{E4AFE9C2-2227-4135-B75C-887DFA9221B3}.Debug|x86.ActiveCfg = Debug|Win32
		{E4AFE9C2-2227-4135-B75C-887DFA9221B3}.Debug|x86.Build.0 = Debug|Win32
		{E4AFE9C2-2227-4135-B75C-887DFA9221B3}.Release|x64.ActiveCfg = Release|x64
		{E4AFE9C2-2227-4135-B75C-887DFA9221B3}.Release|x64.Build.0 = Release|x64
		{E4AFE9C2-2227-4135-B75C-887DFA9221B3}.Release|x86.ActiveCfg = Release|Win32
		{E4AFE9C2-2227-4135-B75C-887DFA9221B3}.Release|x86.Build.0 = Release|Win32
		{D0489A4C-0893-4BE9-B780-A26DE20E4230}.Debug|x64.ActiveCfg = Debug|x64
		{D0489A4C-0893-4BE9-B780-A26DE20E4230}.Debug|x64.Build.0 = Debug|x64
		{D0489A4C-0893-4BE9-B780-A26DE20E4230}.Debug|x86.ActiveCfg = Debug|Win32
		{D0489A4C-0893-4BE9-B780-A26DE20E4230}.Debug|x86.Build.0 = Debug|Win32
		{D0489A4C-0893-4BE9-B780-A26DE20E4230}.Release|x64.ActiveCfg = Release|x64
		{D0489A4C-0893-4BE9-B780-A26DE20E4230}.Release|x64.Build.0 = Release|x64
		{D0489A4C-0893-4BE9-B780-A26DE20E4230}.Release|x86.ActiveCfg = Release|Win32
		{D0489A4C-0893-4BE9-B780-A26DE20E4230}.Release|x86.Build.0 = Release|Win32
		{E2785E3C-2450-4575-81CF-588494F2123D}.Debug|x64.ActiveCfg = Debug|x64
		{E2785E3C-2450-4575-81CF-588494F2123D}.Debug|x64.Build.0 = Debug|x64
		{E2785E3C-2450-4575-81CF-588494F2123D}.Debug|x86.ActiveCfg = Debug|Win32
		{E2785E3C-2450-4575-81CF-588494F2123D}.Debug|x86.Build.0 = Debug|Win32
		{E2785E3C-2450-4575-81CF-588494F2123D}.Release|x64.ActiveCfg = Release|x64
		{E2785E3C-2450-4575-81CF-588494F2123D}.Release|x64.Build.0 = Release|x64
		{E2785E3C-2450-4575-81CF-588494F2123D}.Release|x86.ActiveCfg = Release|Win32
		{E2785E3C-2450-4575-81CF-588494F2123D}.Release|x86.Build.0 = Release|Win32
		{0B20B709-219F-4238-8E23-1EF3547D49C7}.Debug|x64.ActiveCfg = Debug|x64
		{0B20B709-219F-4238-8E23-1EF3547D49C7}.Debug|x64.Build.0 = Debug|x64
		{0B20B709-219F-4238-8E23-1EF3547D49C7}.Debug|x86.ActiveCfg = Debug|Win32
		{0B20B709-219F-4238-8E23-1EF3547D49C7}.Debug|x86.Build.0 = Debug|Win32
		{0B20B709-219F-4238-8E23-1EF3547D49C7}.Release|x64.ActiveCfg = Release|x64
		{0B20B709-219F-4238-8E23-1EF3547D49C7}.Release|x64.Build.0 = Release|x64
		{0B20B709-219F-4238-8E23-1EF3547D49C7}.Release|x86.ActiveCfg = Release|Win32
		{0B20B709-219F-4238-8E23-1EF3547D49C7}.Release|x86.Build.0 = Release|Win32
		{050BA1F7-93E2-48D6-AD59-09EC8EF82049}.Debug|x64.ActiveCfg = Debug|x64
		{050BA1F7-93E2-48D6-AD59-09EC8EF82049}.Debug|x64.Build.0 = Debug|x64
		{050BA1F7-93E2-48D6-AD59-09EC8EF82049}.Debug|x86.ActiveCfg = Debug|Win32
		{050BA1F7-93E2-48D6-AD59-09EC8EF82049}.Debug|x86.Build.0 = Debug|Win32
		{050BA1F7-93E2-48D6-AD59-09EC8EF82049}.Release|x64.ActiveCfg = Release|x64
		{050BA1F7-93E2-48D6-AD59-09EC8EF82049}.Release|x64.Build.0 = Release|x64
		{050BA1F7-93E2-48D6-AD59-09EC8EF82049}.Release|x86.ActiveCfg = Release|Win32
		{050BA1F7-93E2-48D6-AD59-09EC8EF82049}.Release|x86.Build.0 = Release|Win32
		{6EB852C7-46EA-46F5-BB60-9CF1DA22E7D2}.Debug|x64.ActiveCfg = Debug|x64
		{6EB852C7-46EA-46F5-BB60-9CF1DA22E7D2}.Debug|x64.Build.0 = Debug|x64
		{6EB852C7-46EA-46F5-BB60-9CF1DA22E7D2}.Debug|x86.ActiveCfg = Debug|Win32
		{6EB852C7-46EA-46F5-BB60-9CF1DA22E7D2}.Debug|x86.Build.0 = Debug|Win32
		{6EB852C7-46EA-46F5-BB60-9CF1DA22E7D2}.Release|x64.ActiveCfg = Release|x64
		{6EB852C7-46EA-46F5-BB60-9CF1DA22E7D2}.Release|x64.Build.0 = Release|x64
		{6EB852C7-46EA-46F5-BB60-9CF1DA22E7D2}.Release|x86.ActiveCfg = Release|Win32
		{6EB852C7-46EA-46F5-BB60-9CF1DA22E7D2}.Release|x86.Build.0 = Release|Win32
		{5690923E-BEE9-43EA-960A-FA896EDECC6C}.Debug|x64.ActiveCfg = Debug|x64
		{5690923E-BEE9-43EA-960A-FA896EDECC6C}.Debug|x64.Build.0 = Debug|x64
		{5690923E-BEE9-43EA-960A-FA896EDECC6C}.Debug|x86.ActiveCfg = Debug|Win32
		{5690923E-BEE9-43EA-960A-FA896EDECC6C}.Debug|x86.Build.0 = Debug|Win32
		{5690923E-BEE9-43EA-960A-FA896EDECC6C}.Release|x64.ActiveCfg = Release|x64
		{5690923E-BEE9-43EA-960A-FA896EDECC6C}.Release|x64.Build.0 = Release|x64
		{5690923E-BEE9-43EA-960A-FA896EDECC6C}.Release|x86.ActiveCfg = Release|Win32
		{5690923E-BEE9-43EA-960A-FA896EDECC6C}.Release|x86.Build.0 = Release|Win32
		{D3AF8AE9-82B7-443F-A4C7-A5656AB85A8B}.Debug|x64.ActiveCfg = Debug|x64
		{D3AF8AE9-82B7-443F-A4C7-A5656AB85A8B}.Debug|x64.Build.0 = Debug|x64
		{D3AF8AE9-82B7-443F-A4C7-A5656AB85A8B}.Debug|x86.ActiveCfg = Debug|Win32
		{D3AF8AE9-82B7-443F-A4C7-A5656AB85A8B}.Debug|x86.Build.0 = Debug|Win32
		{D3AF8AE9-82B7-443F-A4C7-A5656AB85A8B}.Release|x64.ActiveCfg = Release|x64
		{D3AF8AE9-82B7-443F-A4C7-A5656AB85A8B}.Release|x64.Build.0 = Release|x64
		{D3AF8AE9-82B7-443F-A4C7-A5656AB85A8B}.Release|x86.ActiveCfg = Release|Win32
		{D3AF8AE9-82B7-443F-A4C7-A5656AB85A8B}.Release|x86.Build.0 = Release|Win32
		{AB06F40A-467E-4F55-BCD1-D0AB3AD642EC}.Debug|x64.ActiveCfg = Debug|x64
		{AB06F40A-467E-4F55-BCD1-D0AB3AD642EC}.Debug|x64.Build.0 = Debug|x64
		{AB06F40A-467E-4F55-BCD1-D0AB3AD642EC}.Debug|x86.ActiveCfg = Debug|Win32
		{AB06F40A-467E-4F55-BCD1-D0AB3AD642EC}.Debug|x86.Build.0 = Debug|Win32
		{AB06F40A-467E-4F55-BCD1-D0AB3AD642EC}.Release|x64.ActiveCfg = Release|x64
		{AB06F40A-467E-4F55-BCD1-D0AB3AD642EC}.Release|x64.Build.0 = Release|x64
		{AB06F40A-467E-4F55-BCD1-D0AB3AD642EC}.Release|x86.ActiveCfg = Release|Win32
		{AB06F40A-467E-4F55-BCD1-D0AB3AD642EC}.Release|x86.Build.0 = Release|Win32
		{BB7E2B67-14FD-4D78-B4A5-488314CBC5F9}.Debug|x64.ActiveCfg = Debug|x64
		{BB7E2B67-14FD-4D78-B4A5-488314CBC5F9}.Debug|x64.Build.0 = Debug|x64
		{BB7E2B67-14FD-4D78-B4A5-488314CBC5F9}.Debug|x86.ActiveCfg = Debug|Win32
		{BB7E2B67-14FD-4D78-B4A5-488314CBC5F9}.Debug|x86.Build.0 = Debug|Win32
		{BB7E2B67-14FD-4D78-B4A5-488314CBC5F9}.Release|x64.ActiveCfg = Release|x64
		{BB7E2B67-14FD-4D78-B4A5-488314CBC5F9}.Release|x64.Build.0 = Release|x64
		{BB7E2B67-14FD-4D78-B4A5-488314CBC5F9}.Release|x86.ActiveCfg = Release|Win32
		{BB7E2B67-14FD-4D78-B4A5-488314CBC5F9}.Release|x86.Build.0 = Release|Win32
	EndGlobalSection
	GlobalSection(SolutionProperties) = preSolution
		HideSolutionNode = FALSE
	EndGlobalSection
	GlobalSection(NestedProjects) = preSolution
		{BDFFBBD2-4B44-4FD1-84D0-DFE0721F8250} = {C0C63690-8A94-4D72-A36A-5FCF18B3D47B}
		{7DF7548E-833A-4C5D-938D-1CFA4C813296} = {C0C63690-8A94-4D72-A36A-5FCF18B3D47B}
		{4AA54F49-D60B-4E13-8AD0-8A6BE17BD7DE} = {C0C63690-8A94-4D72-A36A-5FCF18B3D47B}
		{F8A69D82-CFE9-457B-A25E-22771E864D85} = {C0C63690-8A94-4D72-A36A-5FCF18B3D47B}
		{F60432AD-C921-4DB5-9BAC-FE9C02B04432} = {C0C63690-8A94-4D72-A36A-5FCF18B3D47B}
		{D75870D4-A702-4B28-B005-97465F022C9F} = {9BFACE06-F0A5-4438-B7DD-3862A1556882}
		{50E2D0BF-2062-45FE-85E2-0BFDDE2A6CF2} = {75519FDB-62E3-4267-AA4F-892906BEBD03}
		{13757ACE-40C1-43D2-9F0C-3D29438BE9C4} = {75519FDB-62E3-4267-AA4F-892906BEBD03}
		{4C1D0717-A2A6-48D2-85B5-5EB77C86B75C} = {75519FDB-62E3-4267-AA4F-892906BEBD03}
		{FD0FDF3D-1E33-4F30-A712-DB0D0FA4FDBD} = {75519FDB-62E3-4267-AA4F-892906BEBD03}
		{958B682C-8D66-4E32-903C-B9F8A3014EFB} = {C0C63690-8A94-4D72-A36A-5FCF18B3D47B}
		{F87A8E24-75BC-42E9-B55D-EF11C83A8E67} = {9BFACE06-F0A5-4438-B7DD-3862A1556882}
		{E4AFE9C2-2227-4135-B75C-887DFA9221B3} = {C0C63690-8A94-4D72-A36A-5FCF18B3D47B}
		{D0489A4C-0893-4BE9-B780-A26DE20E4230} = {C0C63690-8A94-4D72-A36A-5FCF18B3D47B}
		{E2785E3C-2450-4575-81CF-588494F2123D} = {75519FDB-62E3-4267-AA4F-892906BEBD03}
		{0B20B709-219F-4238-8E23-1EF3547D49C7} = {75519FDB-62E3-4267-AA4F-892906BEBD03}
		{050BA1F7-93E2-48D6-AD59-09EC8EF82049} = {C0C63690-8A94-4D72-A36A-5FCF18B3D47B}
		{6EB852C7-46EA-46F5-BB60-9CF1DA22E7D2} = {9BFACE06-F0A5-4438-B7DD-3862A1556882}
		{5690923E-BEE9-43EA-960A-FA896EDECC6C} = {75519FDB-62E3-4267-AA4F-892906BEBD03}
		{D3AF8AE9-82B7-443F-A4C7-A5656AB85A8B} = {C0C63690-8A94-4D72-A36A-5FCF18B3D47B}
		{AB06F40A-467E-4F55-BCD1-D0AB3AD642EC} = {75519FDB-62E3-4267-AA4F-892906BEBD03}
		{BB7E2B67-14FD-4D78-B4A5-488314CBC5F9} = {75519FDB-62E3-4267-AA4F-892906BEBD03}
	EndGlobalSection
	GlobalSection(ExtensibilityGlobals) = postSolution
		SolutionGuid = {9B6D3283-253A-4C8B-98A2-1583A4BF47EE}
	EndGlobalSection
EndGlobal
