
Microsoft Visual Studio Solution File, Format Version 12.00
# Visual Studio Version 17
VisualStudioVersion = 17.0.32014.148
MinimumVisualStudioVersion = 10.0.40219.1
Project("{8BC9CEB8-8B4A-11D0-8D11-00A0C91BC942}") = "HomeWork20220114", "HomeWork20220114\HomeWork20220114.vcxproj", "{7DF7548E-833A-4C5D-938D-1CFA4C813296}"
EndProject
Project("{8BC9CEB8-8B4A-11D0-8D11-00A0C91BC942}") = "HomeWork220113", "HomeWork220113\HomeWork220113.vcxproj", "{BDFFBBD2-4B44-4FD1-84D0-DFE0721F8250}"
EndProject
Project("{8BC9CEB8-8B4A-11D0-8D11-00A0C91BC942}") = "Testing", "Testing\Testing.vcxproj", "{FD0FDF3D-1E33-4F30-A712-DB0D0FA4FDBD}"
EndProject
Project("{8BC9CEB8-8B4A-11D0-8D11-00A0C91BC942}") = "HomeWork20220117", "HomeWork20220117\HomeWork20220117.vcxproj", "{4AA54F49-D60B-4E13-8AD0-8A6BE17BD7DE}"
EndProject
Global
	GlobalSection(SolutionConfigurationPlatforms) = preSolution
		Debug|x64 = Debug|x64
		Debug|x86 = Debug|x86
		Release|x64 = Release|x64
		Release|x86 = Release|x86
	EndGlobalSection
	GlobalSection(ProjectConfigurationPlatforms) = postSolution
		{7DF7548E-833A-4C5D-938D-1CFA4C813296}.Debug|x64.ActiveCfg = Debug|x64
		{7DF7548E-833A-4C5D-938D-1CFA4C813296}.Debug|x64.Build.0 = Debug|x64
		{7DF7548E-833A-4C5D-938D-1CFA4C813296}.Debug|x86.ActiveCfg = Debug|Win32
		{7DF7548E-833A-4C5D-938D-1CFA4C813296}.Debug|x86.Build.0 = Debug|Win32
		{7DF7548E-833A-4C5D-938D-1CFA4C813296}.Release|x64.ActiveCfg = Release|x64
		{7DF7548E-833A-4C5D-938D-1CFA4C813296}.Release|x64.Build.0 = Release|x64
		{7DF7548E-833A-4C5D-938D-1CFA4C813296}.Release|x86.ActiveCfg = Release|Win32
		{7DF7548E-833A-4C5D-938D-1CFA4C813296}.Release|x86.Build.0 = Release|Win32
		{BDFFBBD2-4B44-4FD1-84D0-DFE0721F8250}.Debug|x64.ActiveCfg = Debug|x64
		{BDFFBBD2-4B44-4FD1-84D0-DFE0721F8250}.Debug|x64.Build.0 = Debug|x64
		{BDFFBBD2-4B44-4FD1-84D0-DFE0721F8250}.Debug|x86.ActiveCfg = Debug|Win32
		{BDFFBBD2-4B44-4FD1-84D0-DFE0721F8250}.Debug|x86.Build.0 = Debug|Win32
		{BDFFBBD2-4B44-4FD1-84D0-DFE0721F8250}.Release|x64.ActiveCfg = Release|x64
		{BDFFBBD2-4B44-4FD1-84D0-DFE0721F8250}.Release|x64.Build.0 = Release|x64
		{BDFFBBD2-4B44-4FD1-84D0-DFE0721F8250}.Release|x86.ActiveCfg = Release|Win32
		{BDFFBBD2-4B44-4FD1-84D0-DFE0721F8250}.Release|x86.Build.0 = Release|Win32
		{FD0FDF3D-1E33-4F30-A712-DB0D0FA4FDBD}.Debug|x64.ActiveCfg = Debug|x64
		{FD0FDF3D-1E33-4F30-A712-DB0D0FA4FDBD}.Debug|x64.Build.0 = Debug|x64
		{FD0FDF3D-1E33-4F30-A712-DB0D0FA4FDBD}.Debug|x86.ActiveCfg = Debug|Win32
		{FD0FDF3D-1E33-4F30-A712-DB0D0FA4FDBD}.Debug|x86.Build.0 = Debug|Win32
		{FD0FDF3D-1E33-4F30-A712-DB0D0FA4FDBD}.Release|x64.ActiveCfg = Release|x64
		{FD0FDF3D-1E33-4F30-A712-DB0D0FA4FDBD}.Release|x64.Build.0 = Release|x64
		{FD0FDF3D-1E33-4F30-A712-DB0D0FA4FDBD}.Release|x86.ActiveCfg = Release|Win32
		{FD0FDF3D-1E33-4F30-A712-DB0D0FA4FDBD}.Release|x86.Build.0 = Release|Win32
		{4AA54F49-D60B-4E13-8AD0-8A6BE17BD7DE}.Debug|x64.ActiveCfg = Debug|x64
		{4AA54F49-D60B-4E13-8AD0-8A6BE17BD7DE}.Debug|x64.Build.0 = Debug|x64
		{4AA54F49-D60B-4E13-8AD0-8A6BE17BD7DE}.Debug|x86.ActiveCfg = Debug|Win32
		{4AA54F49-D60B-4E13-8AD0-8A6BE17BD7DE}.Debug|x86.Build.0 = Debug|Win32
		{4AA54F49-D60B-4E13-8AD0-8A6BE17BD7DE}.Release|x64.ActiveCfg = Release|x64
		{4AA54F49-D60B-4E13-8AD0-8A6BE17BD7DE}.Release|x64.Build.0 = Release|x64
		{4AA54F49-D60B-4E13-8AD0-8A6BE17BD7DE}.Release|x86.ActiveCfg = Release|Win32
		{4AA54F49-D60B-4E13-8AD0-8A6BE17BD7DE}.Release|x86.Build.0 = Release|Win32
	EndGlobalSection
	GlobalSection(SolutionProperties) = preSolution
		HideSolutionNode = FALSE
	EndGlobalSection
	GlobalSection(ExtensibilityGlobals) = postSolution
		SolutionGuid = {9B6D3283-253A-4C8B-98A2-1583A4BF47EE}
	EndGlobalSection
EndGlobal
